// !$*UTF8*$!
{
	archiveVersion = 1;
	classes = {
	};
	objectVersion = 55;
	objects = {

/* Begin PBXBuildFile section */
		7E6DD3D82812DEEC001FC701 /* UIViewController+Ex.swift in Sources */ = {isa = PBXBuildFile; fileRef = 7E6DD3D72812DEEC001FC701 /* UIViewController+Ex.swift */; };
		7E9993152811BF72003C3723 /* SearchViewModel.swift in Sources */ = {isa = PBXBuildFile; fileRef = 7E9993142811BF72003C3723 /* SearchViewModel.swift */; };
		7E9993172811BF78003C3723 /* SearchViewModelContracts.swift in Sources */ = {isa = PBXBuildFile; fileRef = 7E9993162811BF78003C3723 /* SearchViewModelContracts.swift */; };
		7EAB019D28117D3B00678417 /* AppDelegate.swift in Sources */ = {isa = PBXBuildFile; fileRef = 7EAB019C28117D3B00678417 /* AppDelegate.swift */; };
		7EAB019F28117D3B00678417 /* SceneDelegate.swift in Sources */ = {isa = PBXBuildFile; fileRef = 7EAB019E28117D3B00678417 /* SceneDelegate.swift */; };
		7EAB01A128117D3B00678417 /* SearchViewController.swift in Sources */ = {isa = PBXBuildFile; fileRef = 7EAB01A028117D3B00678417 /* SearchViewController.swift */; };
		7EAB01A628117D3B00678417 /* Assets.xcassets in Resources */ = {isa = PBXBuildFile; fileRef = 7EAB01A528117D3B00678417 /* Assets.xcassets */; };
		7EAB01A928117D3B00678417 /* LaunchScreen.storyboard in Resources */ = {isa = PBXBuildFile; fileRef = 7EAB01A728117D3B00678417 /* LaunchScreen.storyboard */; };
		7EAB01B72811864D00678417 /* GFNetwork in Frameworks */ = {isa = PBXBuildFile; productRef = 7EAB01B62811864D00678417 /* GFNetwork */; };
		7EAB01BA281190A400678417 /* SearchBuilder.swift in Sources */ = {isa = PBXBuildFile; fileRef = 7EAB01B9281190A400678417 /* SearchBuilder.swift */; };
		7EAB01BC281190FB00678417 /* AppContainer.swift in Sources */ = {isa = PBXBuildFile; fileRef = 7EAB01BB281190FB00678417 /* AppContainer.swift */; };
		7EAB01BE2811910000678417 /* AppRouter.swift in Sources */ = {isa = PBXBuildFile; fileRef = 7EAB01BD2811910000678417 /* AppRouter.swift */; };
		7EAB01C12811930F00678417 /* FavoritesViewController.swift in Sources */ = {isa = PBXBuildFile; fileRef = 7EAB01C02811930F00678417 /* FavoritesViewController.swift */; };
		7EAB01C32811932F00678417 /* FavoritesBuilder.swift in Sources */ = {isa = PBXBuildFile; fileRef = 7EAB01C22811932F00678417 /* FavoritesBuilder.swift */; };
		7EAB01C6281197CF00678417 /* GFComponents in Frameworks */ = {isa = PBXBuildFile; productRef = 7EAB01C5281197CF00678417 /* GFComponents */; };
		7EAB01C928119C5700678417 /* Constants.swift in Sources */ = {isa = PBXBuildFile; fileRef = 7EAB01C828119C5700678417 /* Constants.swift */; };
		7EAB01CC28119D2E00678417 /* UIView+Ex.swift in Sources */ = {isa = PBXBuildFile; fileRef = 7EAB01CB28119D2E00678417 /* UIView+Ex.swift */; };
		7EAB01CF2811A19600678417 /* FollowersViewController.swift in Sources */ = {isa = PBXBuildFile; fileRef = 7EAB01CE2811A19600678417 /* FollowersViewController.swift */; };
		7EAB01D12811A1B400678417 /* FollowersBuilder.swift in Sources */ = {isa = PBXBuildFile; fileRef = 7EAB01D02811A1B400678417 /* FollowersBuilder.swift */; };
		7EAB01D32811A1EF00678417 /* FollowersViewModel.swift in Sources */ = {isa = PBXBuildFile; fileRef = 7EAB01D22811A1EF00678417 /* FollowersViewModel.swift */; };
		7EAB01D52811A1F700678417 /* FollowersViewModelContracts.swift in Sources */ = {isa = PBXBuildFile; fileRef = 7EAB01D42811A1F700678417 /* FollowersViewModelContracts.swift */; };
/* End PBXBuildFile section */

/* Begin PBXFileReference section */
		7E6DD3D72812DEEC001FC701 /* UIViewController+Ex.swift */ = {isa = PBXFileReference; lastKnownFileType = sourcecode.swift; path = "UIViewController+Ex.swift"; sourceTree = "<group>"; };
		7E9993142811BF72003C3723 /* SearchViewModel.swift */ = {isa = PBXFileReference; lastKnownFileType = sourcecode.swift; path = SearchViewModel.swift; sourceTree = "<group>"; };
		7E9993162811BF78003C3723 /* SearchViewModelContracts.swift */ = {isa = PBXFileReference; lastKnownFileType = sourcecode.swift; path = SearchViewModelContracts.swift; sourceTree = "<group>"; };
		7EAB019928117D3B00678417 /* GithubFollowers.app */ = {isa = PBXFileReference; explicitFileType = wrapper.application; includeInIndex = 0; path = GithubFollowers.app; sourceTree = BUILT_PRODUCTS_DIR; };
		7EAB019C28117D3B00678417 /* AppDelegate.swift */ = {isa = PBXFileReference; lastKnownFileType = sourcecode.swift; path = AppDelegate.swift; sourceTree = "<group>"; };
		7EAB019E28117D3B00678417 /* SceneDelegate.swift */ = {isa = PBXFileReference; lastKnownFileType = sourcecode.swift; path = SceneDelegate.swift; sourceTree = "<group>"; };
		7EAB01A028117D3B00678417 /* SearchViewController.swift */ = {isa = PBXFileReference; lastKnownFileType = sourcecode.swift; path = SearchViewController.swift; sourceTree = "<group>"; };
		7EAB01A528117D3B00678417 /* Assets.xcassets */ = {isa = PBXFileReference; lastKnownFileType = folder.assetcatalog; path = Assets.xcassets; sourceTree = "<group>"; };
		7EAB01A828117D3B00678417 /* Base */ = {isa = PBXFileReference; lastKnownFileType = file.storyboard; name = Base; path = Base.lproj/LaunchScreen.storyboard; sourceTree = "<group>"; };
		7EAB01AA28117D3B00678417 /* Info.plist */ = {isa = PBXFileReference; lastKnownFileType = text.plist.xml; path = Info.plist; sourceTree = "<group>"; };
		7EAB01B9281190A400678417 /* SearchBuilder.swift */ = {isa = PBXFileReference; lastKnownFileType = sourcecode.swift; path = SearchBuilder.swift; sourceTree = "<group>"; };
		7EAB01BB281190FB00678417 /* AppContainer.swift */ = {isa = PBXFileReference; lastKnownFileType = sourcecode.swift; path = AppContainer.swift; sourceTree = "<group>"; };
		7EAB01BD2811910000678417 /* AppRouter.swift */ = {isa = PBXFileReference; lastKnownFileType = sourcecode.swift; path = AppRouter.swift; sourceTree = "<group>"; };
		7EAB01C02811930F00678417 /* FavoritesViewController.swift */ = {isa = PBXFileReference; lastKnownFileType = sourcecode.swift; path = FavoritesViewController.swift; sourceTree = "<group>"; };
		7EAB01C22811932F00678417 /* FavoritesBuilder.swift */ = {isa = PBXFileReference; lastKnownFileType = sourcecode.swift; path = FavoritesBuilder.swift; sourceTree = "<group>"; };
		7EAB01C828119C5700678417 /* Constants.swift */ = {isa = PBXFileReference; lastKnownFileType = sourcecode.swift; path = Constants.swift; sourceTree = "<group>"; };
		7EAB01CB28119D2E00678417 /* UIView+Ex.swift */ = {isa = PBXFileReference; lastKnownFileType = sourcecode.swift; path = "UIView+Ex.swift"; sourceTree = "<group>"; };
		7EAB01CE2811A19600678417 /* FollowersViewController.swift */ = {isa = PBXFileReference; lastKnownFileType = sourcecode.swift; path = FollowersViewController.swift; sourceTree = "<group>"; };
		7EAB01D02811A1B400678417 /* FollowersBuilder.swift */ = {isa = PBXFileReference; lastKnownFileType = sourcecode.swift; path = FollowersBuilder.swift; sourceTree = "<group>"; };
		7EAB01D22811A1EF00678417 /* FollowersViewModel.swift */ = {isa = PBXFileReference; lastKnownFileType = sourcecode.swift; path = FollowersViewModel.swift; sourceTree = "<group>"; };
		7EAB01D42811A1F700678417 /* FollowersViewModelContracts.swift */ = {isa = PBXFileReference; lastKnownFileType = sourcecode.swift; path = FollowersViewModelContracts.swift; sourceTree = "<group>"; };
/* End PBXFileReference section */

/* Begin PBXFrameworksBuildPhase section */
		7EAB019628117D3B00678417 /* Frameworks */ = {
			isa = PBXFrameworksBuildPhase;
			buildActionMask = 2147483647;
			files = (
				7EAB01B72811864D00678417 /* GFNetwork in Frameworks */,
				7EAB01C6281197CF00678417 /* GFComponents in Frameworks */,
			);
			runOnlyForDeploymentPostprocessing = 0;
		};
/* End PBXFrameworksBuildPhase section */

/* Begin PBXGroup section */
		7EAB019028117D3B00678417 = {
			isa = PBXGroup;
			children = (
				7EAB019B28117D3B00678417 /* GithubFollowers */,
				7EAB019A28117D3B00678417 /* Products */,
				7EAB01B028117D4700678417 /* Frameworks */,
			);
			sourceTree = "<group>";
		};
		7EAB019A28117D3B00678417 /* Products */ = {
			isa = PBXGroup;
			children = (
				7EAB019928117D3B00678417 /* GithubFollowers.app */,
			);
			name = Products;
			sourceTree = "<group>";
		};
		7EAB019B28117D3B00678417 /* GithubFollowers */ = {
			isa = PBXGroup;
			children = (
				7EAB01B328117D6E00678417 /* App */,
				7EAB01CA28119D2600678417 /* Extensions */,
				7EAB01C728119C4A00678417 /* Utilities */,
				7EAB01B428117D7300678417 /* Supporting Files */,
				7EAB01B528117D7B00678417 /* Screens */,
				7EAB01AA28117D3B00678417 /* Info.plist */,
			);
			path = GithubFollowers;
			sourceTree = "<group>";
		};
		7EAB01B028117D4700678417 /* Frameworks */ = {
			isa = PBXGroup;
			children = (
			);
			name = Frameworks;
			sourceTree = "<group>";
		};
		7EAB01B328117D6E00678417 /* App */ = {
			isa = PBXGroup;
			children = (
				7EAB019C28117D3B00678417 /* AppDelegate.swift */,
				7EAB019E28117D3B00678417 /* SceneDelegate.swift */,
				7EAB01BB281190FB00678417 /* AppContainer.swift */,
				7EAB01BD2811910000678417 /* AppRouter.swift */,
			);
			path = App;
			sourceTree = "<group>";
		};
		7EAB01B428117D7300678417 /* Supporting Files */ = {
			isa = PBXGroup;
			children = (
				7EAB01A528117D3B00678417 /* Assets.xcassets */,
				7EAB01A728117D3B00678417 /* LaunchScreen.storyboard */,
			);
			path = "Supporting Files";
			sourceTree = "<group>";
		};
		7EAB01B528117D7B00678417 /* Screens */ = {
			isa = PBXGroup;
			children = (
				7EAB01CD2811A18C00678417 /* Followers */,
				7EAB01BF2811930600678417 /* Favorites */,
				7EAB01B82811909A00678417 /* Search */,
			);
			path = Screens;
			sourceTree = "<group>";
		};
		7EAB01B82811909A00678417 /* Search */ = {
			isa = PBXGroup;
			children = (
				7EAB01A028117D3B00678417 /* SearchViewController.swift */,
				7EAB01B9281190A400678417 /* SearchBuilder.swift */,
				7E9993142811BF72003C3723 /* SearchViewModel.swift */,
				7E9993162811BF78003C3723 /* SearchViewModelContracts.swift */,
			);
			path = Search;
			sourceTree = "<group>";
		};
		7EAB01BF2811930600678417 /* Favorites */ = {
			isa = PBXGroup;
			children = (
				7EAB01C02811930F00678417 /* FavoritesViewController.swift */,
				7EAB01C22811932F00678417 /* FavoritesBuilder.swift */,
			);
			path = Favorites;
			sourceTree = "<group>";
		};
		7EAB01C728119C4A00678417 /* Utilities */ = {
			isa = PBXGroup;
			children = (
				7EAB01C828119C5700678417 /* Constants.swift */,
			);
			path = Utilities;
			sourceTree = "<group>";
		};
		7EAB01CA28119D2600678417 /* Extensions */ = {
			isa = PBXGroup;
			children = (
				7EAB01CB28119D2E00678417 /* UIView+Ex.swift */,
				7E6DD3D72812DEEC001FC701 /* UIViewController+Ex.swift */,
			);
			path = Extensions;
			sourceTree = "<group>";
		};
		7EAB01CD2811A18C00678417 /* Followers */ = {
			isa = PBXGroup;
			children = (
				7EAB01CE2811A19600678417 /* FollowersViewController.swift */,
				7EAB01D02811A1B400678417 /* FollowersBuilder.swift */,
				7EAB01D22811A1EF00678417 /* FollowersViewModel.swift */,
				7EAB01D42811A1F700678417 /* FollowersViewModelContracts.swift */,
			);
			path = Followers;
			sourceTree = "<group>";
		};
/* End PBXGroup section */

/* Begin PBXNativeTarget section */
		7EAB019828117D3B00678417 /* GithubFollowers */ = {
			isa = PBXNativeTarget;
			buildConfigurationList = 7EAB01AD28117D3B00678417 /* Build configuration list for PBXNativeTarget "GithubFollowers" */;
			buildPhases = (
				7EAB019528117D3B00678417 /* Sources */,
				7EAB019628117D3B00678417 /* Frameworks */,
				7EAB019728117D3B00678417 /* Resources */,
			);
			buildRules = (
			);
			dependencies = (
			);
			name = GithubFollowers;
			packageProductDependencies = (
				7EAB01B62811864D00678417 /* GFNetwork */,
				7EAB01C5281197CF00678417 /* GFComponents */,
			);
			productName = GithubFollowers;
			productReference = 7EAB019928117D3B00678417 /* GithubFollowers.app */;
			productType = "com.apple.product-type.application";
		};
/* End PBXNativeTarget section */

/* Begin PBXProject section */
		7EAB019128117D3B00678417 /* Project object */ = {
			isa = PBXProject;
			attributes = {
				BuildIndependentTargetsInParallel = 1;
				LastSwiftUpdateCheck = 1330;
				LastUpgradeCheck = 1330;
				TargetAttributes = {
					7EAB019828117D3B00678417 = {
						CreatedOnToolsVersion = 13.3;
					};
				};
			};
			buildConfigurationList = 7EAB019428117D3B00678417 /* Build configuration list for PBXProject "GithubFollowers" */;
			compatibilityVersion = "Xcode 13.0";
			developmentRegion = en;
			hasScannedForEncodings = 0;
			knownRegions = (
				en,
				Base,
			);
			mainGroup = 7EAB019028117D3B00678417;
			productRefGroup = 7EAB019A28117D3B00678417 /* Products */;
			projectDirPath = "";
			projectRoot = "";
			targets = (
				7EAB019828117D3B00678417 /* GithubFollowers */,
			);
		};
/* End PBXProject section */

/* Begin PBXResourcesBuildPhase section */
		7EAB019728117D3B00678417 /* Resources */ = {
			isa = PBXResourcesBuildPhase;
			buildActionMask = 2147483647;
			files = (
				7EAB01A928117D3B00678417 /* LaunchScreen.storyboard in Resources */,
				7EAB01A628117D3B00678417 /* Assets.xcassets in Resources */,
			);
			runOnlyForDeploymentPostprocessing = 0;
		};
/* End PBXResourcesBuildPhase section */

/* Begin PBXSourcesBuildPhase section */
		7EAB019528117D3B00678417 /* Sources */ = {
			isa = PBXSourcesBuildPhase;
			buildActionMask = 2147483647;
			files = (
				7EAB01A128117D3B00678417 /* SearchViewController.swift in Sources */,
				7EAB019D28117D3B00678417 /* AppDelegate.swift in Sources */,
				7E6DD3D82812DEEC001FC701 /* UIViewController+Ex.swift in Sources */,
				7EAB01C12811930F00678417 /* FavoritesViewController.swift in Sources */,
				7EAB01C32811932F00678417 /* FavoritesBuilder.swift in Sources */,
				7EAB01BE2811910000678417 /* AppRouter.swift in Sources */,
				7EAB01D12811A1B400678417 /* FollowersBuilder.swift in Sources */,
				7E9993152811BF72003C3723 /* SearchViewModel.swift in Sources */,
				7EAB01BC281190FB00678417 /* AppContainer.swift in Sources */,
				7EAB01CF2811A19600678417 /* FollowersViewController.swift in Sources */,
				7EAB019F28117D3B00678417 /* SceneDelegate.swift in Sources */,
				7EAB01BA281190A400678417 /* SearchBuilder.swift in Sources */,
				7EAB01C928119C5700678417 /* Constants.swift in Sources */,
				7E9993172811BF78003C3723 /* SearchViewModelContracts.swift in Sources */,
				7EAB01CC28119D2E00678417 /* UIView+Ex.swift in Sources */,
				7EAB01D52811A1F700678417 /* FollowersViewModelContracts.swift in Sources */,
				7EAB01D32811A1EF00678417 /* FollowersViewModel.swift in Sources */,
			);
			runOnlyForDeploymentPostprocessing = 0;
		};
/* End PBXSourcesBuildPhase section */

/* Begin PBXVariantGroup section */
		7EAB01A728117D3B00678417 /* LaunchScreen.storyboard */ = {
			isa = PBXVariantGroup;
			children = (
				7EAB01A828117D3B00678417 /* Base */,
			);
			name = LaunchScreen.storyboard;
			sourceTree = "<group>";
		};
/* End PBXVariantGroup section */

/* Begin XCBuildConfiguration section */
		7EAB01AB28117D3B00678417 /* Debug */ = {
			isa = XCBuildConfiguration;
			buildSettings = {
				ALWAYS_SEARCH_USER_PATHS = NO;
				CLANG_ANALYZER_NONNULL = YES;
				CLANG_ANALYZER_NUMBER_OBJECT_CONVERSION = YES_AGGRESSIVE;
				CLANG_CXX_LANGUAGE_STANDARD = "gnu++17";
				CLANG_ENABLE_MODULES = YES;
				CLANG_ENABLE_OBJC_ARC = YES;
				CLANG_ENABLE_OBJC_WEAK = YES;
				CLANG_WARN_BLOCK_CAPTURE_AUTORELEASING = YES;
				CLANG_WARN_BOOL_CONVERSION = YES;
				CLANG_WARN_COMMA = YES;
				CLANG_WARN_CONSTANT_CONVERSION = YES;
				CLANG_WARN_DEPRECATED_OBJC_IMPLEMENTATIONS = YES;
				CLANG_WARN_DIRECT_OBJC_ISA_USAGE = YES_ERROR;
				CLANG_WARN_DOCUMENTATION_COMMENTS = YES;
				CLANG_WARN_EMPTY_BODY = YES;
				CLANG_WARN_ENUM_CONVERSION = YES;
				CLANG_WARN_INFINITE_RECURSION = YES;
				CLANG_WARN_INT_CONVERSION = YES;
				CLANG_WARN_NON_LITERAL_NULL_CONVERSION = YES;
				CLANG_WARN_OBJC_IMPLICIT_RETAIN_SELF = YES;
				CLANG_WARN_OBJC_LITERAL_CONVERSION = YES;
				CLANG_WARN_OBJC_ROOT_CLASS = YES_ERROR;
				CLANG_WARN_QUOTED_INCLUDE_IN_FRAMEWORK_HEADER = YES;
				CLANG_WARN_RANGE_LOOP_ANALYSIS = YES;
				CLANG_WARN_STRICT_PROTOTYPES = YES;
				CLANG_WARN_SUSPICIOUS_MOVE = YES;
				CLANG_WARN_UNGUARDED_AVAILABILITY = YES_AGGRESSIVE;
				CLANG_WARN_UNREACHABLE_CODE = YES;
				CLANG_WARN__DUPLICATE_METHOD_MATCH = YES;
				COPY_PHASE_STRIP = NO;
				DEBUG_INFORMATION_FORMAT = dwarf;
				ENABLE_STRICT_OBJC_MSGSEND = YES;
				ENABLE_TESTABILITY = YES;
				GCC_C_LANGUAGE_STANDARD = gnu11;
				GCC_DYNAMIC_NO_PIC = NO;
				GCC_NO_COMMON_BLOCKS = YES;
				GCC_OPTIMIZATION_LEVEL = 0;
				GCC_PREPROCESSOR_DEFINITIONS = (
					"DEBUG=1",
					"$(inherited)",
				);
				GCC_WARN_64_TO_32_BIT_CONVERSION = YES;
				GCC_WARN_ABOUT_RETURN_TYPE = YES_ERROR;
				GCC_WARN_UNDECLARED_SELECTOR = YES;
				GCC_WARN_UNINITIALIZED_AUTOS = YES_AGGRESSIVE;
				GCC_WARN_UNUSED_FUNCTION = YES;
				GCC_WARN_UNUSED_VARIABLE = YES;
				IPHONEOS_DEPLOYMENT_TARGET = 15.4;
				MTL_ENABLE_DEBUG_INFO = INCLUDE_SOURCE;
				MTL_FAST_MATH = YES;
				ONLY_ACTIVE_ARCH = YES;
				SDKROOT = iphoneos;
				SWIFT_ACTIVE_COMPILATION_CONDITIONS = DEBUG;
				SWIFT_OPTIMIZATION_LEVEL = "-Onone";
			};
			name = Debug;
		};
		7EAB01AC28117D3B00678417 /* Release */ = {
			isa = XCBuildConfiguration;
			buildSettings = {
				ALWAYS_SEARCH_USER_PATHS = NO;
				CLANG_ANALYZER_NONNULL = YES;
				CLANG_ANALYZER_NUMBER_OBJECT_CONVERSION = YES_AGGRESSIVE;
				CLANG_CXX_LANGUAGE_STANDARD = "gnu++17";
				CLANG_ENABLE_MODULES = YES;
				CLANG_ENABLE_OBJC_ARC = YES;
				CLANG_ENABLE_OBJC_WEAK = YES;
				CLANG_WARN_BLOCK_CAPTURE_AUTORELEASING = YES;
				CLANG_WARN_BOOL_CONVERSION = YES;
				CLANG_WARN_COMMA = YES;
				CLANG_WARN_CONSTANT_CONVERSION = YES;
				CLANG_WARN_DEPRECATED_OBJC_IMPLEMENTATIONS = YES;
				CLANG_WARN_DIRECT_OBJC_ISA_USAGE = YES_ERROR;
				CLANG_WARN_DOCUMENTATION_COMMENTS = YES;
				CLANG_WARN_EMPTY_BODY = YES;
				CLANG_WARN_ENUM_CONVERSION = YES;
				CLANG_WARN_INFINITE_RECURSION = YES;
				CLANG_WARN_INT_CONVERSION = YES;
				CLANG_WARN_NON_LITERAL_NULL_CONVERSION = YES;
				CLANG_WARN_OBJC_IMPLICIT_RETAIN_SELF = YES;
				CLANG_WARN_OBJC_LITERAL_CONVERSION = YES;
				CLANG_WARN_OBJC_ROOT_CLASS = YES_ERROR;
				CLANG_WARN_QUOTED_INCLUDE_IN_FRAMEWORK_HEADER = YES;
				CLANG_WARN_RANGE_LOOP_ANALYSIS = YES;
				CLANG_WARN_STRICT_PROTOTYPES = YES;
				CLANG_WARN_SUSPICIOUS_MOVE = YES;
				CLANG_WARN_UNGUARDED_AVAILABILITY = YES_AGGRESSIVE;
				CLANG_WARN_UNREACHABLE_CODE = YES;
				CLANG_WARN__DUPLICATE_METHOD_MATCH = YES;
				COPY_PHASE_STRIP = NO;
				DEBUG_INFORMATION_FORMAT = "dwarf-with-dsym";
				ENABLE_NS_ASSERTIONS = NO;
				ENABLE_STRICT_OBJC_MSGSEND = YES;
				GCC_C_LANGUAGE_STANDARD = gnu11;
				GCC_NO_COMMON_BLOCKS = YES;
				GCC_WARN_64_TO_32_BIT_CONVERSION = YES;
				GCC_WARN_ABOUT_RETURN_TYPE = YES_ERROR;
				GCC_WARN_UNDECLARED_SELECTOR = YES;
				GCC_WARN_UNINITIALIZED_AUTOS = YES_AGGRESSIVE;
				GCC_WARN_UNUSED_FUNCTION = YES;
				GCC_WARN_UNUSED_VARIABLE = YES;
				IPHONEOS_DEPLOYMENT_TARGET = 15.4;
				MTL_ENABLE_DEBUG_INFO = NO;
				MTL_FAST_MATH = YES;
				SDKROOT = iphoneos;
				SWIFT_COMPILATION_MODE = wholemodule;
				SWIFT_OPTIMIZATION_LEVEL = "-O";
				VALIDATE_PRODUCT = YES;
			};
			name = Release;
		};
		7EAB01AE28117D3B00678417 /* Debug */ = {
			isa = XCBuildConfiguration;
			buildSettings = {
				ASSETCATALOG_COMPILER_APPICON_NAME = AppIcon;
				ASSETCATALOG_COMPILER_GLOBAL_ACCENT_COLOR_NAME = AccentColor;
				CODE_SIGN_STYLE = Automatic;
				CURRENT_PROJECT_VERSION = 1;
				GENERATE_INFOPLIST_FILE = YES;
				INFOPLIST_FILE = GithubFollowers/Info.plist;
				INFOPLIST_KEY_UIApplicationSupportsIndirectInputEvents = YES;
				INFOPLIST_KEY_UILaunchStoryboardName = LaunchScreen;
				INFOPLIST_KEY_UISupportedInterfaceOrientations_iPad = "UIInterfaceOrientationPortrait UIInterfaceOrientationPortraitUpsideDown UIInterfaceOrientationLandscapeLeft UIInterfaceOrientationLandscapeRight";
				INFOPLIST_KEY_UISupportedInterfaceOrientations_iPhone = "UIInterfaceOrientationPortrait UIInterfaceOrientationLandscapeLeft UIInterfaceOrientationLandscapeRight";
				LD_RUNPATH_SEARCH_PATHS = (
					"$(inherited)",
					"@executable_path/Frameworks",
				);
				MARKETING_VERSION = 1.0;
				PRODUCT_BUNDLE_IDENTIFIER = demo.GithubFollowers;
				PRODUCT_NAME = "$(TARGET_NAME)";
				SWIFT_EMIT_LOC_STRINGS = YES;
				SWIFT_VERSION = 5.0;
				TARGETED_DEVICE_FAMILY = "1,2";
			};
			name = Debug;
		};
		7EAB01AF28117D3B00678417 /* Release */ = {
			isa = XCBuildConfiguration;
			buildSettings = {
				ASSETCATALOG_COMPILER_APPICON_NAME = AppIcon;
				ASSETCATALOG_COMPILER_GLOBAL_ACCENT_COLOR_NAME = AccentColor;
				CODE_SIGN_STYLE = Automatic;
				CURRENT_PROJECT_VERSION = 1;
				GENERATE_INFOPLIST_FILE = YES;
				INFOPLIST_FILE = GithubFollowers/Info.plist;
				INFOPLIST_KEY_UIApplicationSupportsIndirectInputEvents = YES;
				INFOPLIST_KEY_UILaunchStoryboardName = LaunchScreen;
				INFOPLIST_KEY_UISupportedInterfaceOrientations_iPad = "UIInterfaceOrientationPortrait UIInterfaceOrientationPortraitUpsideDown UIInterfaceOrientationLandscapeLeft UIInterfaceOrientationLandscapeRight";
				INFOPLIST_KEY_UISupportedInterfaceOrientations_iPhone = "UIInterfaceOrientationPortrait UIInterfaceOrientationLandscapeLeft UIInterfaceOrientationLandscapeRight";
				LD_RUNPATH_SEARCH_PATHS = (
					"$(inherited)",
					"@executable_path/Frameworks",
				);
				MARKETING_VERSION = 1.0;
				PRODUCT_BUNDLE_IDENTIFIER = demo.GithubFollowers;
				PRODUCT_NAME = "$(TARGET_NAME)";
				SWIFT_EMIT_LOC_STRINGS = YES;
				SWIFT_VERSION = 5.0;
				TARGETED_DEVICE_FAMILY = "1,2";
			};
			name = Release;
		};
/* End XCBuildConfiguration section */

/* Begin XCConfigurationList section */
		7EAB019428117D3B00678417 /* Build configuration list for PBXProject "GithubFollowers" */ = {
			isa = XCConfigurationList;
			buildConfigurations = (
				7EAB01AB28117D3B00678417 /* Debug */,
				7EAB01AC28117D3B00678417 /* Release */,
			);
			defaultConfigurationIsVisible = 0;
			defaultConfigurationName = Release;
		};
		7EAB01AD28117D3B00678417 /* Build configuration list for PBXNativeTarget "GithubFollowers" */ = {
			isa = XCConfigurationList;
			buildConfigurations = (
				7EAB01AE28117D3B00678417 /* Debug */,
				7EAB01AF28117D3B00678417 /* Release */,
			);
			defaultConfigurationIsVisible = 0;
			defaultConfigurationName = Release;
		};
/* End XCConfigurationList section */

/* Begin XCSwiftPackageProductDependency section */
		7EAB01B62811864D00678417 /* GFNetwork */ = {
			isa = XCSwiftPackageProductDependency;
			productName = GFNetwork;
		};
		7EAB01C5281197CF00678417 /* GFComponents */ = {
			isa = XCSwiftPackageProductDependency;
			productName = GFComponents;
		};
/* End XCSwiftPackageProductDependency section */
	};
	rootObject = 7EAB019128117D3B00678417 /* Project object */;
}
